
Microsoft Visual Studio Solution File, Format Version 12.00
# Visual Studio Version 17
VisualStudioVersion = 17.9.34728.123
MinimumVisualStudioVersion = 10.0.40219.1
Project("{2150E333-8FDC-42A3-9474-1A3956D46DE8}") = "Services", "Services", "{539ADBD4-E001-440F-B764-3A87C92E0810}"
EndProject
Project("{2150E333-8FDC-42A3-9474-1A3956D46DE8}") = "Catalog", "Catalog", "{3D5661A4-38F4-49BD-B102-2E71452280F4}"
EndProject
Project("{9A19103F-16F7-4668-BE54-9A1E7A4F7556}") = "Catalog.Core", "Services\Catalog\Catalog.Core\Catalog.Core.csproj", "{6A663EF2-D8D9-4627-9562-9D3B38C1529A}"
EndProject
Project("{9A19103F-16F7-4668-BE54-9A1E7A4F7556}") = "Catalog.Application", "Services\Catalog\Catalog.Application\Catalog.Application.csproj", "{B3798108-C87B-45DE-A117-A648613B2F4B}"
EndProject
Project("{9A19103F-16F7-4668-BE54-9A1E7A4F7556}") = "Catalog.Infrastructure", "Services\Catalog\Catalog.Infrastructure\Catalog.Infrastructure.csproj", "{772DBD7C-D415-4A31-931D-254E7F0A914F}"
EndProject
Project("{9A19103F-16F7-4668-BE54-9A1E7A4F7556}") = "Catalog.API", "Services\Catalog\Catalog.API\Catalog.API.csproj", "{EB399819-A442-45B6-B20C-160AD29C3715}"
EndProject
Project("{E53339B2-1760-4266-BCC7-CA923CBCF16C}") = "docker-compose", "docker-compose.dcproj", "{F03E03EC-A8ED-4914-8168-1B35C8B5710B}"
EndProject
Project("{2150E333-8FDC-42A3-9474-1A3956D46DE8}") = "Basket", "Basket", "{FD6A4C66-1E6F-4D7B-8685-8B3155C7B0B2}"
EndProject
Project("{9A19103F-16F7-4668-BE54-9A1E7A4F7556}") = "Basket.Core", "Services\Basket\Basket.Core\Basket.Core.csproj", "{2A92FA9B-F576-44B3-9BEE-57DB391A7DAA}"
EndProject
Project("{9A19103F-16F7-4668-BE54-9A1E7A4F7556}") = "Basket.Application", "Services\Basket\Basket.Application\Basket.Application.csproj", "{AF0C9025-55DF-4455-889F-A4073AF685F0}"
EndProject
Project("{9A19103F-16F7-4668-BE54-9A1E7A4F7556}") = "Basket.Infrastructure", "Services\Basket\Basket.Infrastructure\Basket.Infrastructure.csproj", "{E9A82E02-8DB0-40AC-BC59-704885C59104}"
EndProject
Project("{9A19103F-16F7-4668-BE54-9A1E7A4F7556}") = "Basket.API", "Services\Basket\Basket.API\Basket.API.csproj", "{EAF5BA3B-A4AD-4187-B657-E071BFEFC384}"
EndProject
Project("{2150E333-8FDC-42A3-9474-1A3956D46DE8}") = "Discount", "Discount", "{CFEBE73C-171B-4562-A090-E91E867D9C87}"
EndProject
Project("{9A19103F-16F7-4668-BE54-9A1E7A4F7556}") = "Discount.API", "Services\Discount\Discount.API\Discount.API.csproj", "{E61A30B2-A20B-4E2F-914C-57A35BDF8777}"
EndProject
Project("{9A19103F-16F7-4668-BE54-9A1E7A4F7556}") = "Discount.Core", "Services\Discount\Discount.Core\Discount.Core.csproj", "{9E57EB18-9968-4961-ABE1-45332DA7BB54}"
EndProject
Project("{9A19103F-16F7-4668-BE54-9A1E7A4F7556}") = "Discount.Application", "Services\Discount\Discount.Application\Discount.Application.csproj", "{2B9BC666-76AF-482D-9981-80716C142804}"
EndProject
Project("{9A19103F-16F7-4668-BE54-9A1E7A4F7556}") = "Discount.Infrastructure", "Services\Discount\Discount.Infrastructure\Discount.Infrastructure.csproj", "{C61DA04D-A8DC-4723-8A1E-9E8DA361A901}"
EndProject
Project("{2150E333-8FDC-42A3-9474-1A3956D46DE8}") = "Ordering", "Ordering", "{38C586C9-9A95-4BC3-819A-85AEB2B3C70E}"
EndProject
Project("{9A19103F-16F7-4668-BE54-9A1E7A4F7556}") = "Ordering.Core", "Services\Ordering\Ordering.Core\Ordering.Core.csproj", "{FDE86057-940F-46F8-9AC0-3D4FEDC20DB9}"
EndProject
Project("{9A19103F-16F7-4668-BE54-9A1E7A4F7556}") = "Ordering.Application", "Services\Ordering\Ordering.Application\Ordering.Application.csproj", "{524AE167-A7B5-4204-AF0E-4D8FFB479ECA}"
EndProject
Project("{9A19103F-16F7-4668-BE54-9A1E7A4F7556}") = "Ordering.Infrastructure", "Services\Ordering\Ordering.Infrastructure\Ordering.Infrastructure.csproj", "{E7B83A7F-DCA4-441A-B3A4-00F8F41B1BE9}"
EndProject
Project("{9A19103F-16F7-4668-BE54-9A1E7A4F7556}") = "Ordering.API", "Services\Ordering\Ordering.API\Ordering.API.csproj", "{0AA19FAB-0A8C-411E-97D8-1D44AAAEC592}"
EndProject
Project("{2150E333-8FDC-42A3-9474-1A3956D46DE8}") = "Infrastructure", "Infrastructure", "{852EEB48-186B-4E5A-AFFE-647AD3A09D1A}"
EndProject
Project("{FAE04EC0-301F-11D3-BF4B-00C04F79EFBC}") = "EventBus.Messages", "Infrastructure\EventBus.Messages\EventBus.Messages.csproj", "{ADE720F0-7FAD-4665-A76A-3BFE88F17F73}"
EndProject
Global
	GlobalSection(SolutionConfigurationPlatforms) = preSolution
		Debug|Any CPU = Debug|Any CPU
		Release|Any CPU = Release|Any CPU
	EndGlobalSection
	GlobalSection(ProjectConfigurationPlatforms) = postSolution
		{6A663EF2-D8D9-4627-9562-9D3B38C1529A}.Debug|Any CPU.ActiveCfg = Debug|Any CPU
		{6A663EF2-D8D9-4627-9562-9D3B38C1529A}.Debug|Any CPU.Build.0 = Debug|Any CPU
		{6A663EF2-D8D9-4627-9562-9D3B38C1529A}.Release|Any CPU.ActiveCfg = Release|Any CPU
		{6A663EF2-D8D9-4627-9562-9D3B38C1529A}.Release|Any CPU.Build.0 = Release|Any CPU
		{B3798108-C87B-45DE-A117-A648613B2F4B}.Debug|Any CPU.ActiveCfg = Debug|Any CPU
		{B3798108-C87B-45DE-A117-A648613B2F4B}.Debug|Any CPU.Build.0 = Debug|Any CPU
		{B3798108-C87B-45DE-A117-A648613B2F4B}.Release|Any CPU.ActiveCfg = Release|Any CPU
		{B3798108-C87B-45DE-A117-A648613B2F4B}.Release|Any CPU.Build.0 = Release|Any CPU
		{772DBD7C-D415-4A31-931D-254E7F0A914F}.Debug|Any CPU.ActiveCfg = Debug|Any CPU
		{772DBD7C-D415-4A31-931D-254E7F0A914F}.Debug|Any CPU.Build.0 = Debug|Any CPU
		{772DBD7C-D415-4A31-931D-254E7F0A914F}.Release|Any CPU.ActiveCfg = Release|Any CPU
		{772DBD7C-D415-4A31-931D-254E7F0A914F}.Release|Any CPU.Build.0 = Release|Any CPU
		{EB399819-A442-45B6-B20C-160AD29C3715}.Debug|Any CPU.ActiveCfg = Debug|Any CPU
		{EB399819-A442-45B6-B20C-160AD29C3715}.Debug|Any CPU.Build.0 = Debug|Any CPU
		{EB399819-A442-45B6-B20C-160AD29C3715}.Release|Any CPU.ActiveCfg = Release|Any CPU
		{EB399819-A442-45B6-B20C-160AD29C3715}.Release|Any CPU.Build.0 = Release|Any CPU
		{F03E03EC-A8ED-4914-8168-1B35C8B5710B}.Debug|Any CPU.ActiveCfg = Debug|Any CPU
		{F03E03EC-A8ED-4914-8168-1B35C8B5710B}.Debug|Any CPU.Build.0 = Debug|Any CPU
		{F03E03EC-A8ED-4914-8168-1B35C8B5710B}.Release|Any CPU.ActiveCfg = Release|Any CPU
		{F03E03EC-A8ED-4914-8168-1B35C8B5710B}.Release|Any CPU.Build.0 = Release|Any CPU
		{2A92FA9B-F576-44B3-9BEE-57DB391A7DAA}.Debug|Any CPU.ActiveCfg = Debug|Any CPU
		{2A92FA9B-F576-44B3-9BEE-57DB391A7DAA}.Debug|Any CPU.Build.0 = Debug|Any CPU
		{2A92FA9B-F576-44B3-9BEE-57DB391A7DAA}.Release|Any CPU.ActiveCfg = Release|Any CPU
		{2A92FA9B-F576-44B3-9BEE-57DB391A7DAA}.Release|Any CPU.Build.0 = Release|Any CPU
		{AF0C9025-55DF-4455-889F-A4073AF685F0}.Debug|Any CPU.ActiveCfg = Debug|Any CPU
		{AF0C9025-55DF-4455-889F-A4073AF685F0}.Debug|Any CPU.Build.0 = Debug|Any CPU
		{AF0C9025-55DF-4455-889F-A4073AF685F0}.Release|Any CPU.ActiveCfg = Release|Any CPU
		{AF0C9025-55DF-4455-889F-A4073AF685F0}.Release|Any CPU.Build.0 = Release|Any CPU
		{E9A82E02-8DB0-40AC-BC59-704885C59104}.Debug|Any CPU.ActiveCfg = Debug|Any CPU
		{E9A82E02-8DB0-40AC-BC59-704885C59104}.Debug|Any CPU.Build.0 = Debug|Any CPU
		{E9A82E02-8DB0-40AC-BC59-704885C59104}.Release|Any CPU.ActiveCfg = Release|Any CPU
		{E9A82E02-8DB0-40AC-BC59-704885C59104}.Release|Any CPU.Build.0 = Release|Any CPU
		{EAF5BA3B-A4AD-4187-B657-E071BFEFC384}.Debug|Any CPU.ActiveCfg = Debug|Any CPU
		{EAF5BA3B-A4AD-4187-B657-E071BFEFC384}.Debug|Any CPU.Build.0 = Debug|Any CPU
		{EAF5BA3B-A4AD-4187-B657-E071BFEFC384}.Release|Any CPU.ActiveCfg = Release|Any CPU
		{EAF5BA3B-A4AD-4187-B657-E071BFEFC384}.Release|Any CPU.Build.0 = Release|Any CPU
		{E61A30B2-A20B-4E2F-914C-57A35BDF8777}.Debug|Any CPU.ActiveCfg = Debug|Any CPU
		{E61A30B2-A20B-4E2F-914C-57A35BDF8777}.Debug|Any CPU.Build.0 = Debug|Any CPU
		{E61A30B2-A20B-4E2F-914C-57A35BDF8777}.Release|Any CPU.ActiveCfg = Release|Any CPU
		{E61A30B2-A20B-4E2F-914C-57A35BDF8777}.Release|Any CPU.Build.0 = Release|Any CPU
		{9E57EB18-9968-4961-ABE1-45332DA7BB54}.Debug|Any CPU.ActiveCfg = Debug|Any CPU
		{9E57EB18-9968-4961-ABE1-45332DA7BB54}.Debug|Any CPU.Build.0 = Debug|Any CPU
		{9E57EB18-9968-4961-ABE1-45332DA7BB54}.Release|Any CPU.ActiveCfg = Release|Any CPU
		{9E57EB18-9968-4961-ABE1-45332DA7BB54}.Release|Any CPU.Build.0 = Release|Any CPU
		{2B9BC666-76AF-482D-9981-80716C142804}.Debug|Any CPU.ActiveCfg = Debug|Any CPU
		{2B9BC666-76AF-482D-9981-80716C142804}.Debug|Any CPU.Build.0 = Debug|Any CPU
		{2B9BC666-76AF-482D-9981-80716C142804}.Release|Any CPU.ActiveCfg = Release|Any CPU
		{2B9BC666-76AF-482D-9981-80716C142804}.Release|Any CPU.Build.0 = Release|Any CPU
		{C61DA04D-A8DC-4723-8A1E-9E8DA361A901}.Debug|Any CPU.ActiveCfg = Debug|Any CPU
		{C61DA04D-A8DC-4723-8A1E-9E8DA361A901}.Debug|Any CPU.Build.0 = Debug|Any CPU
		{C61DA04D-A8DC-4723-8A1E-9E8DA361A901}.Release|Any CPU.ActiveCfg = Release|Any CPU
		{C61DA04D-A8DC-4723-8A1E-9E8DA361A901}.Release|Any CPU.Build.0 = Release|Any CPU
		{FDE86057-940F-46F8-9AC0-3D4FEDC20DB9}.Debug|Any CPU.ActiveCfg = Debug|Any CPU
		{FDE86057-940F-46F8-9AC0-3D4FEDC20DB9}.Debug|Any CPU.Build.0 = Debug|Any CPU
		{FDE86057-940F-46F8-9AC0-3D4FEDC20DB9}.Release|Any CPU.ActiveCfg = Release|Any CPU
		{FDE86057-940F-46F8-9AC0-3D4FEDC20DB9}.Release|Any CPU.Build.0 = Release|Any CPU
		{524AE167-A7B5-4204-AF0E-4D8FFB479ECA}.Debug|Any CPU.ActiveCfg = Debug|Any CPU
		{524AE167-A7B5-4204-AF0E-4D8FFB479ECA}.Debug|Any CPU.Build.0 = Debug|Any CPU
		{524AE167-A7B5-4204-AF0E-4D8FFB479ECA}.Release|Any CPU.ActiveCfg = Release|Any CPU
		{524AE167-A7B5-4204-AF0E-4D8FFB479ECA}.Release|Any CPU.Build.0 = Release|Any CPU
		{E7B83A7F-DCA4-441A-B3A4-00F8F41B1BE9}.Debug|Any CPU.ActiveCfg = Debug|Any CPU
		{E7B83A7F-DCA4-441A-B3A4-00F8F41B1BE9}.Debug|Any CPU.Build.0 = Debug|Any CPU
		{E7B83A7F-DCA4-441A-B3A4-00F8F41B1BE9}.Release|Any CPU.ActiveCfg = Release|Any CPU
		{E7B83A7F-DCA4-441A-B3A4-00F8F41B1BE9}.Release|Any CPU.Build.0 = Release|Any CPU
		{0AA19FAB-0A8C-411E-97D8-1D44AAAEC592}.Debug|Any CPU.ActiveCfg = Debug|Any CPU
		{0AA19FAB-0A8C-411E-97D8-1D44AAAEC592}.Debug|Any CPU.Build.0 = Debug|Any CPU
		{0AA19FAB-0A8C-411E-97D8-1D44AAAEC592}.Release|Any CPU.ActiveCfg = Release|Any CPU
		{0AA19FAB-0A8C-411E-97D8-1D44AAAEC592}.Release|Any CPU.Build.0 = Release|Any CPU
		{ADE720F0-7FAD-4665-A76A-3BFE88F17F73}.Debug|Any CPU.ActiveCfg = Debug|Any CPU
		{ADE720F0-7FAD-4665-A76A-3BFE88F17F73}.Debug|Any CPU.Build.0 = Debug|Any CPU
		{ADE720F0-7FAD-4665-A76A-3BFE88F17F73}.Release|Any CPU.ActiveCfg = Release|Any CPU
		{ADE720F0-7FAD-4665-A76A-3BFE88F17F73}.Release|Any CPU.Build.0 = Release|Any CPU
	EndGlobalSection
	GlobalSection(SolutionProperties) = preSolution
		HideSolutionNode = FALSE
	EndGlobalSection
	GlobalSection(NestedProjects) = preSolution
		{3D5661A4-38F4-49BD-B102-2E71452280F4} = {539ADBD4-E001-440F-B764-3A87C92E0810}
		{6A663EF2-D8D9-4627-9562-9D3B38C1529A} = {3D5661A4-38F4-49BD-B102-2E71452280F4}
		{B3798108-C87B-45DE-A117-A648613B2F4B} = {3D5661A4-38F4-49BD-B102-2E71452280F4}
		{772DBD7C-D415-4A31-931D-254E7F0A914F} = {3D5661A4-38F4-49BD-B102-2E71452280F4}
		{EB399819-A442-45B6-B20C-160AD29C3715} = {3D5661A4-38F4-49BD-B102-2E71452280F4}
		{FD6A4C66-1E6F-4D7B-8685-8B3155C7B0B2} = {539ADBD4-E001-440F-B764-3A87C92E0810}
		{2A92FA9B-F576-44B3-9BEE-57DB391A7DAA} = {FD6A4C66-1E6F-4D7B-8685-8B3155C7B0B2}
		{AF0C9025-55DF-4455-889F-A4073AF685F0} = {FD6A4C66-1E6F-4D7B-8685-8B3155C7B0B2}
		{E9A82E02-8DB0-40AC-BC59-704885C59104} = {FD6A4C66-1E6F-4D7B-8685-8B3155C7B0B2}
		{EAF5BA3B-A4AD-4187-B657-E071BFEFC384} = {FD6A4C66-1E6F-4D7B-8685-8B3155C7B0B2}
		{CFEBE73C-171B-4562-A090-E91E867D9C87} = {539ADBD4-E001-440F-B764-3A87C92E0810}
		{E61A30B2-A20B-4E2F-914C-57A35BDF8777} = {CFEBE73C-171B-4562-A090-E91E867D9C87}
		{9E57EB18-9968-4961-ABE1-45332DA7BB54} = {CFEBE73C-171B-4562-A090-E91E867D9C87}
		{2B9BC666-76AF-482D-9981-80716C142804} = {CFEBE73C-171B-4562-A090-E91E867D9C87}
		{C61DA04D-A8DC-4723-8A1E-9E8DA361A901} = {CFEBE73C-171B-4562-A090-E91E867D9C87}
		{38C586C9-9A95-4BC3-819A-85AEB2B3C70E} = {539ADBD4-E001-440F-B764-3A87C92E0810}
		{FDE86057-940F-46F8-9AC0-3D4FEDC20DB9} = {38C586C9-9A95-4BC3-819A-85AEB2B3C70E}
		{524AE167-A7B5-4204-AF0E-4D8FFB479ECA} = {38C586C9-9A95-4BC3-819A-85AEB2B3C70E}
		{E7B83A7F-DCA4-441A-B3A4-00F8F41B1BE9} = {38C586C9-9A95-4BC3-819A-85AEB2B3C70E}
		{0AA19FAB-0A8C-411E-97D8-1D44AAAEC592} = {38C586C9-9A95-4BC3-819A-85AEB2B3C70E}
		{ADE720F0-7FAD-4665-A76A-3BFE88F17F73} = {852EEB48-186B-4E5A-AFFE-647AD3A09D1A}
	EndGlobalSection
	GlobalSection(ExtensibilityGlobals) = postSolution
		SolutionGuid = {F533D682-BE42-42C2-B02A-61BB41067E73}
	EndGlobalSection
EndGlobal
